
Microsoft Visual Studio Solution File, Format Version 11.00
# Visual Studio 2010
Project("{FAE04EC0-301F-11D3-BF4B-00C04F79EFBC}") = "user study", "Assembly-CSharp.csproj", "{8F34A274-7F42-EC53-891E-48D6A9D03670}"
EndProject
Global
	GlobalSection(SolutionConfigurationPlatforms) = preSolution
		Debug|Any CPU = Debug|Any CPU
		Release|Any CPU = Release|Any CPU
	EndGlobalSection
	GlobalSection(ProjectConfigurationPlatforms) = postSolution
		{8F34A274-7F42-EC53-891E-48D6A9D03670}.Debug|Any CPU.ActiveCfg = Debug|Any CPU
		{8F34A274-7F42-EC53-891E-48D6A9D03670}.Debug|Any CPU.Build.0 = Debug|Any CPU
		{8F34A274-7F42-EC53-891E-48D6A9D03670}.Release|Any CPU.ActiveCfg = Release|Any CPU
		{8F34A274-7F42-EC53-891E-48D6A9D03670}.Release|Any CPU.Build.0 = Release|Any CPU
	EndGlobalSection
	GlobalSection(SolutionProperties) = preSolution
		HideSolutionNode = FALSE
	EndGlobalSection
	GlobalSection(MonoDevelopProperties) = preSolution
		StartupItem = Assembly-CSharp.csproj
	EndGlobalSection
EndGlobal
